// !$*UTF8*$!
{ archiveVersion = 1; classes = {}; objectVersion = 56; objects = {
00000000000000000000000A = {isa = PBXFileReference; lastKnownFileType = sourcecode.swift; path = ProbePsyApp.swift; sourceTree = "<group>"; };
000000000000000000000014 = {isa = PBXBuildFile; fileRef = 00000000000000000000000A; };
00000000000000000000000B = {isa = PBXFileReference; lastKnownFileType = sourcecode.swift; path = LocalStore.swift; sourceTree = "<group>"; };
000000000000000000000015 = {isa = PBXBuildFile; fileRef = 00000000000000000000000B; };
00000000000000000000000C = {isa = PBXFileReference; lastKnownFileType = sourcecode.swift; path = Language.swift; sourceTree = "<group>"; };
000000000000000000000016 = {isa = PBXBuildFile; fileRef = 00000000000000000000000C; };
00000000000000000000000D = {isa = PBXFileReference; lastKnownFileType = sourcecode.swift; path = RootView.swift; sourceTree = "<group>"; };
000000000000000000000017 = {isa = PBXBuildFile; fileRef = 00000000000000000000000D; };
00000000000000000000000E = {isa = PBXFileReference; lastKnownFileType = text.json; path = Languages.json; sourceTree = "<group>"; };
000000000000000000000018 = {isa = PBXBuildFile; fileRef = 00000000000000000000000E; };
000000000000000000000001 = {isa = PBXProject; attributes = {LastUpgradeCheck = 2600; }; buildConfigurationList = 000000000000000000000028; compatibilityVersion = "Xcode 14.0"; developmentRegion = de; knownRegions = (de,en,tr,Base); mainGroup = 000000000000000000000002; productRefGroup = 000000000000000000000004; projectDirPath = ""; projectRoot = ""; targets = (000000000000000000000005); };
000000000000000000000002 = {isa = PBXGroup; children = (000000000000000000000003,000000000000000000000004); sourceTree = "<group>"; };
000000000000000000000003 = {isa = PBXGroup; children = (00000000000000000000000A,00000000000000000000000B,00000000000000000000000C,00000000000000000000000D,00000000000000000000000E); path = ProbePsy; sourceTree = "<group>"; };
000000000000000000000004 = {isa = PBXGroup; children = (000000000000000000000006); name = Products; sourceTree = "<group>"; };
000000000000000000000005 = {isa = PBXNativeTarget; buildConfigurationList = 000000000000000000000029; buildPhases = (000000000000000000000007,000000000000000000000008,000000000000000000000009); buildRules = (); dependencies = (); name = ProbePsy; productName = ProbePsy; productReference = 000000000000000000000006; productType = "com.apple.product-type.application"; };
000000000000000000000006 = {isa = PBXFileReference; explicitFileType = wrapper.application; includeInIndex = 0; path = ProbePsy.app; sourceTree = BUILT_PRODUCTS_DIR; };
000000000000000000000007 = {isa = PBXSourcesBuildPhase; buildActionMask = 2147483647; files = (000000000000000000000014,000000000000000000000015,000000000000000000000016,000000000000000000000017); runOnlyForDeploymentPostprocessing = 0; };
000000000000000000000008 = {isa = PBXFrameworksBuildPhase; buildActionMask = 2147483647; files = (); runOnlyForDeploymentPostprocessing = 0; };
000000000000000000000009 = {isa = PBXResourcesBuildPhase; buildActionMask = 2147483647; files = (000000000000000000000018); runOnlyForDeploymentPostprocessing = 0; };
000000000000000000000028 = {isa = XCConfigurationList; buildConfigurations = (00000000000000000000002A,00000000000000000000002B); defaultConfigurationIsVisible = 0; defaultConfigurationName = Release; };
000000000000000000000029 = {isa = XCConfigurationList; buildConfigurations = (00000000000000000000002C,00000000000000000000002D); defaultConfigurationIsVisible = 0; defaultConfigurationName = Release; };
00000000000000000000002A = {isa = XCBuildConfiguration; name = Debug; buildSettings = {CLANG_ENABLE_MODULES = YES; SDKROOT = iphoneos; IPHONEOS_DEPLOYMENT_TARGET = 17.0; SWIFT_VERSION = 5.0; }; };
00000000000000000000002B = {isa = XCBuildConfiguration; name = Release; buildSettings = {CLANG_ENABLE_MODULES = YES; SDKROOT = iphoneos; IPHONEOS_DEPLOYMENT_TARGET = 17.0; SWIFT_VERSION = 5.0; }; };
00000000000000000000002C = {isa = XCBuildConfiguration; name = Debug; buildSettings = {CODE_SIGN_STYLE = Automatic; GENERATE_INFOPLIST_FILE = YES; INFOPLIST_KEY_CFBundleDisplayName = "Probe Psy"; INFOPLIST_KEY_LSApplicationCategoryType = "public.app-category.healthcare-fitness"; INFOPLIST_KEY_UIApplicationSceneManifest_Generation = YES; INFOPLIST_KEY_UILaunchScreen_Generation = YES; INFOPLIST_KEY_UISupportedInterfaceOrientations_iPhone = "UIInterfaceOrientationPortrait UIInterfaceOrientationLandscapeLeft UIInterfaceOrientationLandscapeRight"; INFOPLIST_KEY_UISupportedInterfaceOrientations_iPad = "UIInterfaceOrientationPortrait UIInterfaceOrientationPortraitUpsideDown UIInterfaceOrientationLandscapeLeft UIInterfaceOrientationLandscapeRight"; PRODUCT_BUNDLE_IDENTIFIER = "de.probepsy.local"; PRODUCT_NAME = "$(TARGET_NAME)"; MARKETING_VERSION = 0.1.0; CURRENT_PROJECT_VERSION = 1; TARGETED_DEVICE_FAMILY = "1,2"; SUPPORTED_PLATFORMS = "iphoneos iphonesimulator"; SUPPORTS_MACCATALYST = NO; SWIFT_EMIT_LOC_STRINGS = NO; SWIFT_OPTIMIZATION_LEVEL = "-Onone"; SWIFT_ACTIVE_COMPILATION_CONDITIONS = DEBUG;}; };
00000000000000000000002D = {isa = XCBuildConfiguration; name = Release; buildSettings = {CODE_SIGN_STYLE = Automatic; GENERATE_INFOPLIST_FILE = YES; INFOPLIST_KEY_CFBundleDisplayName = "Probe Psy"; INFOPLIST_KEY_LSApplicationCategoryType = "public.app-category.healthcare-fitness"; INFOPLIST_KEY_UIApplicationSceneManifest_Generation = YES; INFOPLIST_KEY_UILaunchScreen_Generation = YES; INFOPLIST_KEY_UISupportedInterfaceOrientations_iPhone = "UIInterfaceOrientationPortrait UIInterfaceOrientationLandscapeLeft UIInterfaceOrientationLandscapeRight"; INFOPLIST_KEY_UISupportedInterfaceOrientations_iPad = "UIInterfaceOrientationPortrait UIInterfaceOrientationPortraitUpsideDown UIInterfaceOrientationLandscapeLeft UIInterfaceOrientationLandscapeRight"; PRODUCT_BUNDLE_IDENTIFIER = "de.probepsy.local"; PRODUCT_NAME = "$(TARGET_NAME)"; MARKETING_VERSION = 0.1.0; CURRENT_PROJECT_VERSION = 1; TARGETED_DEVICE_FAMILY = "1,2"; SUPPORTED_PLATFORMS = "iphoneos iphonesimulator"; SUPPORTS_MACCATALYST = NO; SWIFT_EMIT_LOC_STRINGS = NO; SWIFT_COMPILATION_MODE = wholemodule; SWIFT_OPTIMIZATION_LEVEL = "-O";}; };
}; rootObject = 000000000000000000000001; }
